preprocess:
  cmd: python -m spacy run preprocess
  script:
    - mkdir -p corpus/UD_Tagalog-TRG
    - python -m spacy convert  assets/UD_Tagalog-TRG/tl_trg-ud-test.conllu corpus/UD_Tagalog-TRG/
      --converter conllu --n-sents 1 --merge-subtokens
    - mkdir -p corpus/UD_Tagalog-Ugnayan
    - python -m spacy convert  assets/UD_Tagalog-Ugnayan/tl_ugnayan-ud-test.conllu
      corpus/UD_Tagalog-Ugnayan/ --converter conllu --n-sents 1 --merge-subtokens
    - mv corpus/UD_Tagalog-TRG/tl_trg-ud-test.spacy corpus/UD_Tagalog-TRG/trg_raw.spacy
    - mv corpus/UD_Tagalog-Ugnayan/tl_ugnayan-ud-test.spacy corpus/UD_Tagalog-Ugnayan/ugn_raw.spacy
  deps:
    - path: assets/UD_Tagalog-TRG/tl_trg-ud-test.conllu
      md5: 49a7c768294ec0d9ce82013f2c8e4bb4
    - path: assets/UD_Tagalog-Ugnayan/tl_ugnayan-ud-test.conllu
      md5: fd9deae5658c0d63a777aeec10559b8d
  outs:
    - path: corpus/UD_Tagalog-TRG/trg_raw.spacy
      md5: 3d087de7117b91104bff423a8e8d59ec
    - path: corpus/UD_Tagalog-Ugnayan/ugn_raw.spacy
      md5: a416b62c9b7c7607997cef69ece725ec
  spacy_version: 3.2.4
  spacy_git_version: b50fe5ec6
split:
  cmd: python -m spacy run split
  script:
    - python -m scripts.split corpus/UD_Tagalog-TRG/trg_raw.spacy corpus/UD_Tagalog-TRG
    - python -m scripts.split corpus/UD_Tagalog-Ugnayan/ugn_raw.spacy corpus/UD_Tagalog-Ugnayan
  deps: []
  outs: []
  spacy_version: 3.2.4
  spacy_git_version: b50fe5ec6
